
Microsoft Visual Studio Solution File, Format Version 12.00
# Visual Studio Version 16
VisualStudioVersion = 16.0.29215.179
MinimumVisualStudioVersion = 10.0.40219.1
Project("{FAE04EC0-301F-11D3-BF4B-00C04F79EFBC}") = "DXWebApplication1", "DXWebApplication1\DXWebApplication1.csproj", "{001BE3B1-204D-4A62-B469-F385EF759938}"
EndProject
Global
	GlobalSection(SolutionConfigurationPlatforms) = preSolution
		Debug|Any CPU = Debug|Any CPU
		Release|Any CPU = Release|Any CPU
	EndGlobalSection
	GlobalSection(ProjectConfigurationPlatforms) = postSolution
		{001BE3B1-204D-4A62-B469-F385EF759938}.Debug|Any CPU.ActiveCfg = Debug|Any CPU
		{001BE3B1-204D-4A62-B469-F385EF759938}.Debug|Any CPU.Build.0 = Debug|Any CPU
		{001BE3B1-204D-4A62-B469-F385EF759938}.Release|Any CPU.ActiveCfg = Release|Any CPU
		{001BE3B1-204D-4A62-B469-F385EF759938}.Release|Any CPU.Build.0 = Release|Any CPU
	EndGlobalSection
	GlobalSection(SolutionProperties) = preSolution
		HideSolutionNode = FALSE
	EndGlobalSection
	GlobalSection(ExtensibilityGlobals) = postSolution
		SolutionGuid = {45897B91-09AB-4C21-AD42-F6DA2A024889}
	EndGlobalSection
EndGlobal
